{
  "name": "www",
  "version": "1.0.0",
  "lockfileVersion": 1,
  "requires": true,
  "dependencies": {
    "angular": {
      "version": "1.6.8",
      "resolved": "https://registry.npmjs.org/angular/-/angular-1.6.8.tgz",
      "integrity": "sha512-9WErZIOw1Cu1V5Yxdvxz/6YpND8ntdP71fdPpufPFJvZodZXqCjQBYrHqEoMZreO5i84O3D/Jw/vepoFt68Azw=="
    },
    "angular-route": {
      "version": "1.6.8",
      "resolved": "https://registry.npmjs.org/angular-route/-/angular-route-1.6.8.tgz",
      "integrity": "sha512-6PlZVc9SRkzYdinL8urilbA/6RmbKdaGrgAKWo2XXgblOHLxguWcYcqYXPUdlMVbMYZuubI+OzTXMa2zol18AQ=="
    },
    "angular-upload": {
      "version": "1.0.13",
      "resolved": "https://registry.npmjs.org/angular-upload/-/angular-upload-1.0.13.tgz",
      "integrity": "sha1-9iK94WTl7Za6BiQJ5lmjAhkhxAc=",
      "requires": {
        "angular": "1.6.8"
      }
    },
    "angularjs": {
      "version": "0.0.1",
      "resolved": "https://registry.npmjs.org/angularjs/-/angularjs-0.0.1.tgz",
      "integrity": "sha1-SW9QxxQVFedB6pdt6JHe8IOLPxk="
    },
    "bootstrap": {
      "version": "4.0.0",
      "resolved": "https://registry.npmjs.org/bootstrap/-/bootstrap-4.0.0.tgz",
      "integrity": "sha512-gulJE5dGFo6Q61V/whS6VM4WIyrlydXfCgkE+Gxe5hjrJ8rXLLZlALq7zq2RPhOc45PSwQpJkrTnc2KgD6cvmA=="
    },
    "jquery": {
      "version": "3.3.1",
      "resolved": "https://registry.npmjs.org/jquery/-/jquery-3.3.1.tgz",
      "integrity": "sha512-Ubldcmxp5np52/ENotGxlLe6aGMvmF4R8S6tZjsP6Knsaxd/xp3Zrh50cG93lR6nPXyUFwzN3ZSOQI0wRJNdGg=="
    },
    "ng-file-upload": {
      "version": "12.2.13",
      "resolved": "https://registry.npmjs.org/ng-file-upload/-/ng-file-upload-12.2.13.tgz",
      "integrity": "sha1-AYAPOHLlJvlTEPhHfpnk8S0NjRQ="
    },
    "ngstorage": {
      "version": "0.3.11",
      "resolved": "https://registry.npmjs.org/ngstorage/-/ngstorage-0.3.11.tgz",
      "integrity": "sha1-FjfEW4ctkJ2cx+GLN0iY1QsuhE8="
    },
    "popper.js": {
      "version": "1.12.9",
      "resolved": "https://registry.npmjs.org/popper.js/-/popper.js-1.12.9.tgz",
      "integrity": "sha1-DfvC3/lsRRuzMu3Pz6r1ZtMx1bM="
    }
  }
}
